// !$*UTF8*$!
{
	archiveVersion = 1;
	classes = {
	};
	objectVersion = 50;
	objects = {

/* Begin PBXBuildFile section */
		FDA764C324720D9000A3F53E /* AppDelegate.swift in Sources */ = {isa = PBXBuildFile; fileRef = FDA764C224720D9000A3F53E /* AppDelegate.swift */; };
		FDA764C524720D9000A3F53E /* SceneDelegate.swift in Sources */ = {isa = PBXBuildFile; fileRef = FDA764C424720D9000A3F53E /* SceneDelegate.swift */; };
		FDA764C724720D9000A3F53E /* ContentView.swift in Sources */ = {isa = PBXBuildFile; fileRef = FDA764C624720D9000A3F53E /* ContentView.swift */; };
		FDA764C924720D9800A3F53E /* Assets.xcassets in Resources */ = {isa = PBXBuildFile; fileRef = FDA764C824720D9800A3F53E /* Assets.xcassets */; };
		FDA764CC24720D9800A3F53E /* Preview Assets.xcassets in Resources */ = {isa = PBXBuildFile; fileRef = FDA764CB24720D9800A3F53E /* Preview Assets.xcassets */; };
		FDA764CF24720D9800A3F53E /* LaunchScreen.storyboard in Resources */ = {isa = PBXBuildFile; fileRef = FDA764CD24720D9800A3F53E /* LaunchScreen.storyboard */; };
		FDA764D7247372A500A3F53E /* Section2.swift in Sources */ = {isa = PBXBuildFile; fileRef = FDA764D6247372A500A3F53E /* Section2.swift */; };
		FDA764D92474D0FE00A3F53E /* Section3.swift in Sources */ = {isa = PBXBuildFile; fileRef = FDA764D82474D0FE00A3F53E /* Section3.swift */; };
		FDA764DB2476115300A3F53E /* Section4.swift in Sources */ = {isa = PBXBuildFile; fileRef = FDA764DA2476115300A3F53E /* Section4.swift */; };
		FDA764DD247612E800A3F53E /* PhotoData.swift in Sources */ = {isa = PBXBuildFile; fileRef = FDA764DC247612E800A3F53E /* PhotoData.swift */; };
		FDA764E12481599800A3F53E /* Section5.swift in Sources */ = {isa = PBXBuildFile; fileRef = FDA764E02481599800A3F53E /* Section5.swift */; };
/* End PBXBuildFile section */

/* Begin PBXFileReference section */
		FDA764BF24720D9000A3F53E /* SwiftUITextbookChapter6.app */ = {isa = PBXFileReference; explicitFileType = wrapper.application; includeInIndex = 0; path = SwiftUITextbookChapter6.app; sourceTree = BUILT_PRODUCTS_DIR; };
		FDA764C224720D9000A3F53E /* AppDelegate.swift */ = {isa = PBXFileReference; lastKnownFileType = sourcecode.swift; path = AppDelegate.swift; sourceTree = "<group>"; };
		FDA764C424720D9000A3F53E /* SceneDelegate.swift */ = {isa = PBXFileReference; lastKnownFileType = sourcecode.swift; path = SceneDelegate.swift; sourceTree = "<group>"; };
		FDA764C624720D9000A3F53E /* ContentView.swift */ = {isa = PBXFileReference; lastKnownFileType = sourcecode.swift; path = ContentView.swift; sourceTree = "<group>"; };
		FDA764C824720D9800A3F53E /* Assets.xcassets */ = {isa = PBXFileReference; lastKnownFileType = folder.assetcatalog; path = Assets.xcassets; sourceTree = "<group>"; };
		FDA764CB24720D9800A3F53E /* Preview Assets.xcassets */ = {isa = PBXFileReference; lastKnownFileType = folder.assetcatalog; path = "Preview Assets.xcassets"; sourceTree = "<group>"; };
		FDA764CE24720D9800A3F53E /* Base */ = {isa = PBXFileReference; lastKnownFileType = file.storyboard; name = Base; path = Base.lproj/LaunchScreen.storyboard; sourceTree = "<group>"; };
		FDA764D024720D9800A3F53E /* Info.plist */ = {isa = PBXFileReference; lastKnownFileType = text.plist.xml; path = Info.plist; sourceTree = "<group>"; };
		FDA764D6247372A500A3F53E /* Section2.swift */ = {isa = PBXFileReference; lastKnownFileType = sourcecode.swift; path = Section2.swift; sourceTree = "<group>"; };
		FDA764D82474D0FE00A3F53E /* Section3.swift */ = {isa = PBXFileReference; lastKnownFileType = sourcecode.swift; path = Section3.swift; sourceTree = "<group>"; };
		FDA764DA2476115300A3F53E /* Section4.swift */ = {isa = PBXFileReference; lastKnownFileType = sourcecode.swift; path = Section4.swift; sourceTree = "<group>"; };
		FDA764DC247612E800A3F53E /* PhotoData.swift */ = {isa = PBXFileReference; fileEncoding = 4; lastKnownFileType = sourcecode.swift; path = PhotoData.swift; sourceTree = "<group>"; };
		FDA764E02481599800A3F53E /* Section5.swift */ = {isa = PBXFileReference; lastKnownFileType = sourcecode.swift; path = Section5.swift; sourceTree = "<group>"; };
/* End PBXFileReference section */

/* Begin PBXFrameworksBuildPhase section */
		FDA764BC24720D9000A3F53E /* Frameworks */ = {
			isa = PBXFrameworksBuildPhase;
			buildActionMask = 2147483647;
			files = (
			);
			runOnlyForDeploymentPostprocessing = 0;
		};
/* End PBXFrameworksBuildPhase section */

/* Begin PBXGroup section */
		FDA764B624720D9000A3F53E = {
			isa = PBXGroup;
			children = (
				FDA764C124720D9000A3F53E /* SwiftUITextbookChapter6 */,
				FDA764C024720D9000A3F53E /* Products */,
			);
			sourceTree = "<group>";
		};
		FDA764C024720D9000A3F53E /* Products */ = {
			isa = PBXGroup;
			children = (
				FDA764BF24720D9000A3F53E /* SwiftUITextbookChapter6.app */,
			);
			name = Products;
			sourceTree = "<group>";
		};
		FDA764C124720D9000A3F53E /* SwiftUITextbookChapter6 */ = {
			isa = PBXGroup;
			children = (
				FDA764C224720D9000A3F53E /* AppDelegate.swift */,
				FDA764C424720D9000A3F53E /* SceneDelegate.swift */,
				FDA764C624720D9000A3F53E /* ContentView.swift */,
				FDA764D6247372A500A3F53E /* Section2.swift */,
				FDA764D82474D0FE00A3F53E /* Section3.swift */,
				FDA764DA2476115300A3F53E /* Section4.swift */,
				FDA764DC247612E800A3F53E /* PhotoData.swift */,
				FDA764E02481599800A3F53E /* Section5.swift */,
				FDA764C824720D9800A3F53E /* Assets.xcassets */,
				FDA764CD24720D9800A3F53E /* LaunchScreen.storyboard */,
				FDA764D024720D9800A3F53E /* Info.plist */,
				FDA764CA24720D9800A3F53E /* Preview Content */,
			);
			path = SwiftUITextbookChapter6;
			sourceTree = "<group>";
		};
		FDA764CA24720D9800A3F53E /* Preview Content */ = {
			isa = PBXGroup;
			children = (
				FDA764CB24720D9800A3F53E /* Preview Assets.xcassets */,
			);
			path = "Preview Content";
			sourceTree = "<group>";
		};
/* End PBXGroup section */

/* Begin PBXNativeTarget section */
		FDA764BE24720D9000A3F53E /* SwiftUITextbookChapter6 */ = {
			isa = PBXNativeTarget;
			buildConfigurationList = FDA764D324720D9800A3F53E /* Build configuration list for PBXNativeTarget "SwiftUITextbookChapter6" */;
			buildPhases = (
				FDA764BB24720D9000A3F53E /* Sources */,
				FDA764BC24720D9000A3F53E /* Frameworks */,
				FDA764BD24720D9000A3F53E /* Resources */,
			);
			buildRules = (
			);
			dependencies = (
			);
			name = SwiftUITextbookChapter6;
			productName = SwiftUITextbookChapter6;
			productReference = FDA764BF24720D9000A3F53E /* SwiftUITextbookChapter6.app */;
			productType = "com.apple.product-type.application";
		};
/* End PBXNativeTarget section */

/* Begin PBXProject section */
		FDA764B724720D9000A3F53E /* Project object */ = {
			isa = PBXProject;
			attributes = {
				LastSwiftUpdateCheck = 1130;
				LastUpgradeCheck = 1130;
				ORGANIZATIONNAME = "Swift-beginners";
				TargetAttributes = {
					FDA764BE24720D9000A3F53E = {
						CreatedOnToolsVersion = 11.3;
					};
				};
			};
			buildConfigurationList = FDA764BA24720D9000A3F53E /* Build configuration list for PBXProject "SwiftUITextbookChapter6" */;
			compatibilityVersion = "Xcode 9.3";
			developmentRegion = en;
			hasScannedForEncodings = 0;
			knownRegions = (
				en,
				Base,
			);
			mainGroup = FDA764B624720D9000A3F53E;
			productRefGroup = FDA764C024720D9000A3F53E /* Products */;
			projectDirPath = "";
			projectRoot = "";
			targets = (
				FDA764BE24720D9000A3F53E /* SwiftUITextbookChapter6 */,
			);
		};
/* End PBXProject section */

/* Begin PBXResourcesBuildPhase section */
		FDA764BD24720D9000A3F53E /* Resources */ = {
			isa = PBXResourcesBuildPhase;
			buildActionMask = 2147483647;
			files = (
				FDA764CF24720D9800A3F53E /* LaunchScreen.storyboard in Resources */,
				FDA764CC24720D9800A3F53E /* Preview Assets.xcassets in Resources */,
				FDA764C924720D9800A3F53E /* Assets.xcassets in Resources */,
			);
			runOnlyForDeploymentPostprocessing = 0;
		};
/* End PBXResourcesBuildPhase section */

/* Begin PBXSourcesBuildPhase section */
		FDA764BB24720D9000A3F53E /* Sources */ = {
			isa = PBXSourcesBuildPhase;
			buildActionMask = 2147483647;
			files = (
				FDA764D92474D0FE00A3F53E /* Section3.swift in Sources */,
				FDA764D7247372A500A3F53E /* Section2.swift in Sources */,
				FDA764C324720D9000A3F53E /* AppDelegate.swift in Sources */,
				FDA764E12481599800A3F53E /* Section5.swift in Sources */,
				FDA764DD247612E800A3F53E /* PhotoData.swift in Sources */,
				FDA764C524720D9000A3F53E /* SceneDelegate.swift in Sources */,
				FDA764DB2476115300A3F53E /* Section4.swift in Sources */,
				FDA764C724720D9000A3F53E /* ContentView.swift in Sources */,
			);
			runOnlyForDeploymentPostprocessing = 0;
		};
/* End PBXSourcesBuildPhase section */

/* Begin PBXVariantGroup section */
		FDA764CD24720D9800A3F53E /* LaunchScreen.storyboard */ = {
			isa = PBXVariantGroup;
			children = (
				FDA764CE24720D9800A3F53E /* Base */,
			);
			name = LaunchScreen.storyboard;
			sourceTree = "<group>";
		};
/* End PBXVariantGroup section */

/* Begin XCBuildConfiguration section */
		FDA764D124720D9800A3F53E /* Debug */ = {
			isa = XCBuildConfiguration;
			buildSettings = {
				ALWAYS_SEARCH_USER_PATHS = NO;
				CLANG_ANALYZER_NONNULL = YES;
				CLANG_ANALYZER_NUMBER_OBJECT_CONVERSION = YES_AGGRESSIVE;
				CLANG_CXX_LANGUAGE_STANDARD = "gnu++14";
				CLANG_CXX_LIBRARY = "libc++";
				CLANG_ENABLE_MODULES = YES;
				CLANG_ENABLE_OBJC_ARC = YES;
				CLANG_ENABLE_OBJC_WEAK = YES;
				CLANG_WARN_BLOCK_CAPTURE_AUTORELEASING = YES;
				CLANG_WARN_BOOL_CONVERSION = YES;
				CLANG_WARN_COMMA = YES;
				CLANG_WARN_CONSTANT_CONVERSION = YES;
				CLANG_WARN_DEPRECATED_OBJC_IMPLEMENTATIONS = YES;
				CLANG_WARN_DIRECT_OBJC_ISA_USAGE = YES_ERROR;
				CLANG_WARN_DOCUMENTATION_COMMENTS = YES;
				CLANG_WARN_EMPTY_BODY = YES;
				CLANG_WARN_ENUM_CONVERSION = YES;
				CLANG_WARN_INFINITE_RECURSION = YES;
				CLANG_WARN_INT_CONVERSION = YES;
				CLANG_WARN_NON_LITERAL_NULL_CONVERSION = YES;
				CLANG_WARN_OBJC_IMPLICIT_RETAIN_SELF = YES;
				CLANG_WARN_OBJC_LITERAL_CONVERSION = YES;
				CLANG_WARN_OBJC_ROOT_CLASS = YES_ERROR;
				CLANG_WARN_RANGE_LOOP_ANALYSIS = YES;
				CLANG_WARN_STRICT_PROTOTYPES = YES;
				CLANG_WARN_SUSPICIOUS_MOVE = YES;
				CLANG_WARN_UNGUARDED_AVAILABILITY = YES_AGGRESSIVE;
				CLANG_WARN_UNREACHABLE_CODE = YES;
				CLANG_WARN__DUPLICATE_METHOD_MATCH = YES;
				COPY_PHASE_STRIP = NO;
				DEBUG_INFORMATION_FORMAT = dwarf;
				ENABLE_STRICT_OBJC_MSGSEND = YES;
				ENABLE_TESTABILITY = YES;
				GCC_C_LANGUAGE_STANDARD = gnu11;
				GCC_DYNAMIC_NO_PIC = NO;
				GCC_NO_COMMON_BLOCKS = YES;
				GCC_OPTIMIZATION_LEVEL = 0;
				GCC_PREPROCESSOR_DEFINITIONS = (
					"DEBUG=1",
					"$(inherited)",
				);
				GCC_WARN_64_TO_32_BIT_CONVERSION = YES;
				GCC_WARN_ABOUT_RETURN_TYPE = YES_ERROR;
				GCC_WARN_UNDECLARED_SELECTOR = YES;
				GCC_WARN_UNINITIALIZED_AUTOS = YES_AGGRESSIVE;
				GCC_WARN_UNUSED_FUNCTION = YES;
				GCC_WARN_UNUSED_VARIABLE = YES;
				IPHONEOS_DEPLOYMENT_TARGET = 13.2;
				MTL_ENABLE_DEBUG_INFO = INCLUDE_SOURCE;
				MTL_FAST_MATH = YES;
				ONLY_ACTIVE_ARCH = YES;
				SDKROOT = iphoneos;
				SWIFT_ACTIVE_COMPILATION_CONDITIONS = DEBUG;
				SWIFT_OPTIMIZATION_LEVEL = "-Onone";
			};
			name = Debug;
		};
		FDA764D224720D9800A3F53E /* Release */ = {
			isa = XCBuildConfiguration;
			buildSettings = {
				ALWAYS_SEARCH_USER_PATHS = NO;
				CLANG_ANALYZER_NONNULL = YES;
				CLANG_ANALYZER_NUMBER_OBJECT_CONVERSION = YES_AGGRESSIVE;
				CLANG_CXX_LANGUAGE_STANDARD = "gnu++14";
				CLANG_CXX_LIBRARY = "libc++";
				CLANG_ENABLE_MODULES = YES;
				CLANG_ENABLE_OBJC_ARC = YES;
				CLANG_ENABLE_OBJC_WEAK = YES;
				CLANG_WARN_BLOCK_CAPTURE_AUTORELEASING = YES;
				CLANG_WARN_BOOL_CONVERSION = YES;
				CLANG_WARN_COMMA = YES;
				CLANG_WARN_CONSTANT_CONVERSION = YES;
				CLANG_WARN_DEPRECATED_OBJC_IMPLEMENTATIONS = YES;
				CLANG_WARN_DIRECT_OBJC_ISA_USAGE = YES_ERROR;
				CLANG_WARN_DOCUMENTATION_COMMENTS = YES;
				CLANG_WARN_EMPTY_BODY = YES;
				CLANG_WARN_ENUM_CONVERSION = YES;
				CLANG_WARN_INFINITE_RECURSION = YES;
				CLANG_WARN_INT_CONVERSION = YES;
				CLANG_WARN_NON_LITERAL_NULL_CONVERSION = YES;
				CLANG_WARN_OBJC_IMPLICIT_RETAIN_SELF = YES;
				CLANG_WARN_OBJC_LITERAL_CONVERSION = YES;
				CLANG_WARN_OBJC_ROOT_CLASS = YES_ERROR;
				CLANG_WARN_RANGE_LOOP_ANALYSIS = YES;
				CLANG_WARN_STRICT_PROTOTYPES = YES;
				CLANG_WARN_SUSPICIOUS_MOVE = YES;
				CLANG_WARN_UNGUARDED_AVAILABILITY = YES_AGGRESSIVE;
				CLANG_WARN_UNREACHABLE_CODE = YES;
				CLANG_WARN__DUPLICATE_METHOD_MATCH = YES;
				COPY_PHASE_STRIP = NO;
				DEBUG_INFORMATION_FORMAT = "dwarf-with-dsym";
				ENABLE_NS_ASSERTIONS = NO;
				ENABLE_STRICT_OBJC_MSGSEND = YES;
				GCC_C_LANGUAGE_STANDARD = gnu11;
				GCC_NO_COMMON_BLOCKS = YES;
				GCC_WARN_64_TO_32_BIT_CONVERSION = YES;
				GCC_WARN_ABOUT_RETURN_TYPE = YES_ERROR;
				GCC_WARN_UNDECLARED_SELECTOR = YES;
				GCC_WARN_UNINITIALIZED_AUTOS = YES_AGGRESSIVE;
				GCC_WARN_UNUSED_FUNCTION = YES;
				GCC_WARN_UNUSED_VARIABLE = YES;
				IPHONEOS_DEPLOYMENT_TARGET = 13.2;
				MTL_ENABLE_DEBUG_INFO = NO;
				MTL_FAST_MATH = YES;
				SDKROOT = iphoneos;
				SWIFT_COMPILATION_MODE = wholemodule;
				SWIFT_OPTIMIZATION_LEVEL = "-O";
				VALIDATE_PRODUCT = YES;
			};
			name = Release;
		};
		FDA764D424720D9800A3F53E /* Debug */ = {
			isa = XCBuildConfiguration;
			buildSettings = {
				ASSETCATALOG_COMPILER_APPICON_NAME = AppIcon;
				CODE_SIGN_STYLE = Automatic;
				DEVELOPMENT_ASSET_PATHS = "\"SwiftUITextbookChapter6/Preview Content\"";
				DEVELOPMENT_TEAM = 8DJ3WL36QU;
				ENABLE_PREVIEWS = YES;
				INFOPLIST_FILE = SwiftUITextbookChapter6/Info.plist;
				LD_RUNPATH_SEARCH_PATHS = (
					"$(inherited)",
					"@executable_path/Frameworks",
				);
				PRODUCT_BUNDLE_IDENTIFIER = "Swift-beginners2.SwiftUITextbookChapter6";
				PRODUCT_NAME = "$(TARGET_NAME)";
				SWIFT_VERSION = 5.0;
				TARGETED_DEVICE_FAMILY = "1,2";
			};
			name = Debug;
		};
		FDA764D524720D9800A3F53E /* Release */ = {
			isa = XCBuildConfiguration;
			buildSettings = {
				ASSETCATALOG_COMPILER_APPICON_NAME = AppIcon;
				CODE_SIGN_STYLE = Automatic;
				DEVELOPMENT_ASSET_PATHS = "\"SwiftUITextbookChapter6/Preview Content\"";
				DEVELOPMENT_TEAM = 8DJ3WL36QU;
				ENABLE_PREVIEWS = YES;
				INFOPLIST_FILE = SwiftUITextbookChapter6/Info.plist;
				LD_RUNPATH_SEARCH_PATHS = (
					"$(inherited)",
					"@executable_path/Frameworks",
				);
				PRODUCT_BUNDLE_IDENTIFIER = "Swift-beginners2.SwiftUITextbookChapter6";
				PRODUCT_NAME = "$(TARGET_NAME)";
				SWIFT_VERSION = 5.0;
				TARGETED_DEVICE_FAMILY = "1,2";
			};
			name = Release;
		};
/* End XCBuildConfiguration section */

/* Begin XCConfigurationList section */
		FDA764BA24720D9000A3F53E /* Build configuration list for PBXProject "SwiftUITextbookChapter6" */ = {
			isa = XCConfigurationList;
			buildConfigurations = (
				FDA764D124720D9800A3F53E /* Debug */,
				FDA764D224720D9800A3F53E /* Release */,
			);
			defaultConfigurationIsVisible = 0;
			defaultConfigurationName = Release;
		};
		FDA764D324720D9800A3F53E /* Build configuration list for PBXNativeTarget "SwiftUITextbookChapter6" */ = {
			isa = XCConfigurationList;
			buildConfigurations = (
				FDA764D424720D9800A3F53E /* Debug */,
				FDA764D524720D9800A3F53E /* Release */,
			);
			defaultConfigurationIsVisible = 0;
			defaultConfigurationName = Release;
		};
/* End XCConfigurationList section */
	};
	rootObject = FDA764B724720D9000A3F53E /* Project object */;
}
